<?xml version="1.0" encoding="utf-8"?>
<Project ToolsVersion="4.0" xmlns="http://schemas.microsoft.com/developer/msbuild/2003">
  <ItemGroup>
    <Filter Include="源文件">
      <UniqueIdentifier>{4FC737F1-C7A5-4376-A066-2A32D752A2FF}</UniqueIdentifier>
      <Extensions>cpp;c;cc;cxx;def;odl;idl;hpj;bat;asm;asmx</Extensions>
    </Filter>
    <Filter Include="头文件">
      <UniqueIdentifier>{93995380-89BD-4b04-88EB-625FBE52EBFB}</UniqueIdentifier>
      <Extensions>h;hpp;hxx;hm;inl;inc;xsd</Extensions>
    </Filter>
    <Filter Include="资源文件">
      <UniqueIdentifier>{67DA6AB6-F800-4c08-8B7A-83BB121AAD01}</UniqueIdentifier>
      <Extensions>rc;ico;cur;bmp;dlg;rc2;rct;bin;rgs;gif;jpg;jpeg;jpe;resx;tiff;tif;png;wav</Extensions>
    </Filter>
  </ItemGroup>
  <ItemGroup>
    <ClCompile Include="stdafx.cpp">
      <Filter>源文件</Filter>
    </ClCompile>
    <ClCompile Include="BrowserUI.cpp">
      <Filter>源文件</Filter>
    </ClCompile>
    <ClCompile Include="MainDlg.cpp">
      <Filter>源文件</Filter>
    </ClCompile>
    <ClCompile Include="ClientHandler.cpp">
      <Filter>源文件</Filter>
    </ClCompile>
    <ClCompile Include="BrowserDlg.cpp">
      <Filter>源文件</Filter>
    </ClCompile>
    <ClCompile Include="ClientRunner.cpp">
      <Filter>源文件</Filter>
    </ClCompile>
    <ClCompile Include="ResourceUtil.cpp">
      <Filter>源文件</Filter>
    </ClCompile>
    <ClCompile Include="ClientRenderDelegate.cpp">
      <Filter>源文件</Filter>
    </ClCompile>
    <ClCompile Include="ClientAppRenderer.cpp">
      <Filter>源文件</Filter>
    </ClCompile>
    <ClCompile Include="ClientSwitches.cpp">
      <Filter>源文件</Filter>
    </ClCompile>
    <ClCompile Include="ClientAppBrowser.cpp">
      <Filter>源文件</Filter>
    </ClCompile>
    <ClCompile Include="ClientApp.cpp">
      <Filter>源文件</Filter>
    </ClCompile>
    <ClCompile Include="MainContext.cpp">
      <Filter>源文件</Filter>
    </ClCompile>
    <ClCompile Include="BrowserDlgManager.cpp">
      <Filter>源文件</Filter>
    </ClCompile>
    <ClCompile Include="TempWindow.cpp">
      <Filter>源文件</Filter>
    </ClCompile>
    <ClCompile Include="BrowserWindow.cpp">
      <Filter>源文件</Filter>
    </ClCompile>
    <ClCompile Include="PerfTest.cpp">
      <Filter>源文件</Filter>
    </ClCompile>
  </ItemGroup>
  <ItemGroup>
    <ClInclude Include="resource.h">
      <Filter>头文件</Filter>
    </ClInclude>
    <ClInclude Include="stdafx.h">
      <Filter>头文件</Filter>
    </ClInclude>
    <ClInclude Include="BrowserUI.h">
      <Filter>头文件</Filter>
    </ClInclude>
    <ClInclude Include="ClientHandler.h">
      <Filter>头文件</Filter>
    </ClInclude>
    <ClInclude Include="MessageLoop.h">
      <Filter>头文件</Filter>
    </ClInclude>
    <ClInclude Include="BrowserDlg.h">
      <Filter>头文件</Filter>
    </ClInclude>
    <ClInclude Include="config.h">
      <Filter>头文件</Filter>
    </ClInclude>
    <ClInclude Include="ClientRunner.h">
      <Filter>头文件</Filter>
    </ClInclude>
    <ClInclude Include="ResourceUtil.h">
      <Filter>头文件</Filter>
    </ClInclude>
    <ClInclude Include="ClientRenderDelegate.h">
      <Filter>头文件</Filter>
    </ClInclude>
    <ClInclude Include="ClientAppRenderer.h">
      <Filter>头文件</Filter>
    </ClInclude>
    <ClInclude Include="ClientSwitches.h">
      <Filter>头文件</Filter>
    </ClInclude>
    <ClInclude Include="ClientApp.h">
      <Filter>头文件</Filter>
    </ClInclude>
    <ClInclude Include="ClientAppBrowser.h">
      <Filter>头文件</Filter>
    </ClInclude>
    <ClInclude Include="MainContext.h">
      <Filter>头文件</Filter>
    </ClInclude>
    <ClInclude Include="BrowserDlgManager.h">
      <Filter>头文件</Filter>
    </ClInclude>
    <ClInclude Include="TempWindow.h">
      <Filter>头文件</Filter>
    </ClInclude>
    <ClInclude Include="BrowserWindow.h">
      <Filter>头文件</Filter>
    </ClInclude>
    <ClInclude Include="PerfTest.h">
      <Filter>头文件</Filter>
    </ClInclude>
  </ItemGroup>
  <ItemGroup>
    <None Include="Browser.ico">
      <Filter>资源文件</Filter>
    </None>
    <None Include="Logo.png">
      <Filter>资源文件</Filter>
    </None>
    <None Include="Skin.zip">
      <Filter>资源文件</Filter>
    </None>
    <None Include="binding.html">
      <Filter>资源文件</Filter>
    </None>
  </ItemGroup>
  <ItemGroup>
    <ResourceCompile Include="Browser.rc">
      <Filter>资源文件</Filter>
    </ResourceCompile>
  </ItemGroup>
</Project>